{
  "requires": true,
  "lockfileVersion": 1,
  "dependencies": {
    "@angular/http": {
      "version": "7.2.16",
      "resolved": "https://registry.npmjs.org/@angular/http/-/http-7.2.16.tgz",
      "integrity": "sha512-yvjbNyzFSmmz4UTjCdy5M8mk0cZqf9TvSf8yN5UVIwtw4joyuUdlgJCuin0qSbQOKIf/JjHoofpO2JkPCGSNww==",
      "requires": {
        "tslib": "^1.9.0"
      }
    },
    "angular2-flash-messages": {
      "version": "3.0.1",
      "resolved": "https://registry.npmjs.org/angular2-flash-messages/-/angular2-flash-messages-3.0.1.tgz",
      "integrity": "sha512-0UVInmSyCi1nlsGspIcuxjZL4hIdPaMOAZInOwHZOeEY0fB3mUexa4v7nmpbuWUuNmhohI2psI6SjqWWB5XqjQ=="
    },
    "tslib": {
      "version": "1.13.0",
      "resolved": "https://registry.npmjs.org/tslib/-/tslib-1.13.0.tgz",
      "integrity": "sha512-i/6DQjL8Xf3be4K/E6Wgpekn5Qasl1usyw++dAA35Ue5orEn65VIxOA+YvNNl9HV3qv70T7CNwjODHZrLwvd1Q=="
    }
  }
}
